
Microsoft Visual Studio Solution File, Format Version 12.00
# Visual Studio Version 17
VisualStudioVersion = 17.8.34330.188
MinimumVisualStudioVersion = 10.0.40219.1
Project("{9A19103F-16F7-4668-BE54-9A1E7A4F7556}") = "Rayson.WebApi", "Rayson.WebApi.csproj", "{37324561-BB92-4A47-B9BE-C1EDF103AFA8}"
EndProject
Project("{FAE04EC0-301F-11D3-BF4B-00C04F79EFBC}") = "Rayson.Models", "..\Rayson.Models\Rayson.Models.csproj", "{79618F4F-B715-4C7B-8AC6-8A3254CA0B95}"
EndProject
Project("{FAE04EC0-301F-11D3-BF4B-00C04F79EFBC}") = "Rayson.BusinessService", "..\Rayson.BusinessService\Rayson.BusinessService.csproj", "{E136B20A-1345-4B51-A4E1-7D848AFBEA21}"
EndProject
Project("{FAE04EC0-301F-11D3-BF4B-00C04F79EFBC}") = "Rayson.BusinessInterface", "..\Rayson.BusinessInterface\Rayson.BusinessInterface.csproj", "{4474A90F-F0D2-46F1-B268-1C8B0AE205E9}"
EndProject
Global
	GlobalSection(SolutionConfigurationPlatforms) = preSolution
		Debug|Any CPU = Debug|Any CPU
		Release|Any CPU = Release|Any CPU
	EndGlobalSection
	GlobalSection(ProjectConfigurationPlatforms) = postSolution
		{37324561-BB92-4A47-B9BE-C1EDF103AFA8}.Debug|Any CPU.ActiveCfg = Debug|Any CPU
		{37324561-BB92-4A47-B9BE-C1EDF103AFA8}.Debug|Any CPU.Build.0 = Debug|Any CPU
		{37324561-BB92-4A47-B9BE-C1EDF103AFA8}.Release|Any CPU.ActiveCfg = Release|Any CPU
		{37324561-BB92-4A47-B9BE-C1EDF103AFA8}.Release|Any CPU.Build.0 = Release|Any CPU
		{79618F4F-B715-4C7B-8AC6-8A3254CA0B95}.Debug|Any CPU.ActiveCfg = Debug|Any CPU
		{79618F4F-B715-4C7B-8AC6-8A3254CA0B95}.Debug|Any CPU.Build.0 = Debug|Any CPU
		{79618F4F-B715-4C7B-8AC6-8A3254CA0B95}.Release|Any CPU.ActiveCfg = Release|Any CPU
		{79618F4F-B715-4C7B-8AC6-8A3254CA0B95}.Release|Any CPU.Build.0 = Release|Any CPU
		{E136B20A-1345-4B51-A4E1-7D848AFBEA21}.Debug|Any CPU.ActiveCfg = Debug|Any CPU
		{E136B20A-1345-4B51-A4E1-7D848AFBEA21}.Debug|Any CPU.Build.0 = Debug|Any CPU
		{E136B20A-1345-4B51-A4E1-7D848AFBEA21}.Release|Any CPU.ActiveCfg = Release|Any CPU
		{E136B20A-1345-4B51-A4E1-7D848AFBEA21}.Release|Any CPU.Build.0 = Release|Any CPU
		{4474A90F-F0D2-46F1-B268-1C8B0AE205E9}.Debug|Any CPU.ActiveCfg = Debug|Any CPU
		{4474A90F-F0D2-46F1-B268-1C8B0AE205E9}.Debug|Any CPU.Build.0 = Debug|Any CPU
		{4474A90F-F0D2-46F1-B268-1C8B0AE205E9}.Release|Any CPU.ActiveCfg = Release|Any CPU
		{4474A90F-F0D2-46F1-B268-1C8B0AE205E9}.Release|Any CPU.Build.0 = Release|Any CPU
	EndGlobalSection
	GlobalSection(SolutionProperties) = preSolution
		HideSolutionNode = FALSE
	EndGlobalSection
	GlobalSection(ExtensibilityGlobals) = postSolution
		SolutionGuid = {CBD742DD-31D6-44A9-BDC9-A5FB4E321AEB}
	EndGlobalSection
EndGlobal
